
Microsoft Visual Studio Solution File, Format Version 12.00
# Visual Studio Version 17
VisualStudioVersion = 17.12.35527.113 d17.12
MinimumVisualStudioVersion = 10.0.40219.1
Project("{FAE04EC0-301F-11D3-BF4B-00C04F79EFBC}") = "PeakyBlindersFerma", "PeakyBlindersFerma\PeakyBlindersFerma.csproj", "{5BDA116D-3C0F-432D-A81D-73827166A750}"
EndProject
Global
	GlobalSection(SolutionConfigurationPlatforms) = preSolution
		Debug|Any CPU = Debug|Any CPU
		Release|Any CPU = Release|Any CPU
	EndGlobalSection
	GlobalSection(ProjectConfigurationPlatforms) = postSolution
		{5BDA116D-3C0F-432D-A81D-73827166A750}.Debug|Any CPU.ActiveCfg = Debug|Any CPU
		{5BDA116D-3C0F-432D-A81D-73827166A750}.Debug|Any CPU.Build.0 = Debug|Any CPU
		{5BDA116D-3C0F-432D-A81D-73827166A750}.Release|Any CPU.ActiveCfg = Release|Any CPU
		{5BDA116D-3C0F-432D-A81D-73827166A750}.Release|Any CPU.Build.0 = Release|Any CPU
	EndGlobalSection
	GlobalSection(SolutionProperties) = preSolution
		HideSolutionNode = FALSE
	EndGlobalSection
EndGlobal
